
Microsoft Visual Studio Solution File, Format Version 12.00
# Visual Studio Version 16
VisualStudioVersion = 16.0.30611.23
MinimumVisualStudioVersion = 10.0.40219.1
Project("{FAE04EC0-301F-11D3-BF4B-00C04F79EFBC}") = "extra-life", "extra-life\extra-life.csproj", "{BE44337F-6C9F-4F63-8302-A3F2D515FB0C}"
EndProject
Global
	GlobalSection(SolutionConfigurationPlatforms) = preSolution
		Debug|Any CPU = Debug|Any CPU
		Release|Any CPU = Release|Any CPU
	EndGlobalSection
	GlobalSection(ProjectConfigurationPlatforms) = postSolution
		{BE44337F-6C9F-4F63-8302-A3F2D515FB0C}.Debug|Any CPU.ActiveCfg = Debug|Any CPU
		{BE44337F-6C9F-4F63-8302-A3F2D515FB0C}.Debug|Any CPU.Build.0 = Debug|Any CPU
		{BE44337F-6C9F-4F63-8302-A3F2D515FB0C}.Release|Any CPU.ActiveCfg = Release|Any CPU
		{BE44337F-6C9F-4F63-8302-A3F2D515FB0C}.Release|Any CPU.Build.0 = Release|Any CPU
	EndGlobalSection
	GlobalSection(SolutionProperties) = preSolution
		HideSolutionNode = FALSE
	EndGlobalSection
	GlobalSection(ExtensibilityGlobals) = postSolution
		SolutionGuid = {00292513-8198-4146-8976-C6C65725425B}
	EndGlobalSection
EndGlobal
